
Microsoft Visual Studio Solution File, Format Version 12.00
# Visual Studio 15
VisualStudioVersion = 15.0.28010.2048
MinimumVisualStudioVersion = 10.0.40219.1
Project("{9A19103F-16F7-4668-BE54-9A1E7A4F7556}") = "User.API", "User.API\User.API.csproj", "{2FA5133B-1029-4251-B08E-C774B598A874}"
EndProject
Global
	GlobalSection(SolutionConfigurationPlatforms) = preSolution
		Debug|Any CPU = Debug|Any CPU
		Release|Any CPU = Release|Any CPU
	EndGlobalSection
	GlobalSection(ProjectConfigurationPlatforms) = postSolution
		{2FA5133B-1029-4251-B08E-C774B598A874}.Debug|Any CPU.ActiveCfg = Debug|Any CPU
		{2FA5133B-1029-4251-B08E-C774B598A874}.Debug|Any CPU.Build.0 = Debug|Any CPU
		{2FA5133B-1029-4251-B08E-C774B598A874}.Release|Any CPU.ActiveCfg = Release|Any CPU
		{2FA5133B-1029-4251-B08E-C774B598A874}.Release|Any CPU.Build.0 = Release|Any CPU
	EndGlobalSection
	GlobalSection(SolutionProperties) = preSolution
		HideSolutionNode = FALSE
	EndGlobalSection
	GlobalSection(ExtensibilityGlobals) = postSolution
		SolutionGuid = {13F4675D-DD27-4E8C-A839-989E7567D5AA}
	EndGlobalSection
EndGlobal
